
Microsoft Visual Studio Solution File, Format Version 12.00
# Visual Studio Version 16
VisualStudioVersion = 16.0.30523.141
MinimumVisualStudioVersion = 10.0.40219.1
Project("{FAE04EC0-301F-11D3-BF4B-00C04F79EFBC}") = "SimpleCalculatorApp", "SimpleCalculatorApp\SimpleCalculatorApp.csproj", "{1AF77AD1-BA0E-4A01-8CB8-9C6E3C16B6E7}"
EndProject
Global
	GlobalSection(SolutionConfigurationPlatforms) = preSolution
		Debug|Any CPU = Debug|Any CPU
		Release|Any CPU = Release|Any CPU
	EndGlobalSection
	GlobalSection(ProjectConfigurationPlatforms) = postSolution
		{1AF77AD1-BA0E-4A01-8CB8-9C6E3C16B6E7}.Debug|Any CPU.ActiveCfg = Debug|Any CPU
		{1AF77AD1-BA0E-4A01-8CB8-9C6E3C16B6E7}.Debug|Any CPU.Build.0 = Debug|Any CPU
		{1AF77AD1-BA0E-4A01-8CB8-9C6E3C16B6E7}.Release|Any CPU.ActiveCfg = Release|Any CPU
		{1AF77AD1-BA0E-4A01-8CB8-9C6E3C16B6E7}.Release|Any CPU.Build.0 = Release|Any CPU
	EndGlobalSection
	GlobalSection(SolutionProperties) = preSolution
		HideSolutionNode = FALSE
	EndGlobalSection
	GlobalSection(ExtensibilityGlobals) = postSolution
		SolutionGuid = {A7723750-E4B7-446C-B9DD-CA8DAE52E651}
	EndGlobalSection
EndGlobal
